<?xml version="1.0" encoding="utf-8"?>
<Project ToolsVersion="4.0" xmlns="http://schemas.microsoft.com/developer/msbuild/2003">
  <ItemGroup>
    <ClCompile Include="SFMLPacman.cpp" />
    <ClCompile Include="src\Game.cpp" />
    <ClCompile Include="src\scenes\MainScene.cpp" />
    <ClCompile Include="src\assets\AssetManger.cpp" />
    <ClCompile Include="src\scenes\SceneManager.cpp" />
    <ClCompile Include="src\objects\ButtonObject.cpp" />
    <ClCompile Include="src\objects\ObjectManager.cpp" />
    <ClCompile Include="src\scenes\GameScene.cpp" />
    <ClCompile Include="src\animations\AnimationManager.cpp" />
    <ClCompile Include="src\objects\Logger.cpp" />
    <ClCompile Include="src\objects\TextObject.cpp" />
  </ItemGroup>
  <ItemGroup>
    <None Include=".gitattributes" />
    <None Include=".gitignore" />
    <None Include="packages.config" />
  </ItemGroup>
  <ItemGroup>
    <ClInclude Include="src\Game.h" />
    <ClInclude Include="src\scenes\BaseScene.h" />
    <ClInclude Include="src\scenes\MainScene.h" />
    <ClInclude Include="src\assets\AssetManger.h" />
    <ClInclude Include="src\Context.h" />
    <ClInclude Include="src\scenes\SceneManager.h" />
    <ClInclude Include="src\objects\BaseObject.h" />
    <ClInclude Include="src\objects\ButtonObject.h" />
    <ClInclude Include="src\objects\ObjectManager.h" />
    <ClInclude Include="src\scenes\GameScene.h" />
    <ClInclude Include="src\animations\BaseAnimation.h" />
    <ClInclude Include="src\animations\AnimationManager.h" />
    <ClInclude Include="src\objects\Logger.h" />
    <ClInclude Include="src\Constans.h" />
    <ClInclude Include="src\objects\TextObject.h" />
  </ItemGroup>
  <ItemGroup>
    <Font Include="assets\fonts\main.ttf" />
  </ItemGroup>
  <ItemGroup>
    <Image Include="assets\textures\coin.png" />
    <Image Include="assets\textures\main_button.png" />
  </ItemGroup>
</Project>