<?xml version="1.0" encoding="utf-8"?>
<Project ToolsVersion="4.0" xmlns="http://schemas.microsoft.com/developer/msbuild/2003">
  <ItemGroup>
    <ClCompile Include="SFMLPacman.cpp" />
    <ClCompile Include="src\Game.cpp" />
    <ClCompile Include="src\scenes\MainScene.cpp" />
    <ClCompile Include="src\sceneManager\SceneManager.cpp" />
    <ClCompile Include="src\assets\AssetManger.cpp" />
  </ItemGroup>
  <ItemGroup>
    <None Include=".gitattributes" />
    <None Include=".gitignore" />
  </ItemGroup>
  <ItemGroup>
    <ClInclude Include="src\Game.h" />
    <ClInclude Include="src\scenes\BaseScene.h" />
    <ClInclude Include="src\scenes\MainScene.h" />
    <ClInclude Include="src\sceneManager\SceneManager.h" />
    <ClInclude Include="src\assets\AssetManger.h" />
    <ClInclude Include="src\Context.h" />
  </ItemGroup>
  <ItemGroup>
    <Font Include="assets\fonts\main.ttf" />
  </ItemGroup>
</Project>